# This file was autogenerated by uv via the following command:
#    uv pip compile pyproject.toml --output-file uv.lock
aiohappyeyeballs==2.6.1
    # via aiohttp
aiohttp==3.13.3
    # via kafka-alert (pyproject.toml)
aiokafka==0.13.0
    # via kafka-alert (pyproject.toml)
aiosignal==1.4.0
    # via aiohttp
aiosmtplib==5.0.0
    # via kafka-alert (pyproject.toml)
annotated-types==0.7.0
    # via pydantic
apprise==1.9.6
    # via kafka-alert (pyproject.toml)
async-timeout==5.0.1
    # via aiokafka
attrs==25.4.0
    # via aiohttp
certifi==2026.1.4
    # via
    #   apprise
    #   requests
charset-normalizer==3.4.4
    # via requests
click==8.3.1
    # via apprise
colorama==0.4.6
    # via
    #   click
    #   loguru
discordwebhook==1.0.3
    # via kafka-alert (pyproject.toml)
frozenlist==1.8.0
    # via
    #   aiohttp
    #   aiosignal
idna==3.11
    # via
    #   requests
    #   yarl
jinja2==3.1.6
    # via kafka-alert (pyproject.toml)
loguru==0.7.3
    # via kafka-alert (pyproject.toml)
markdown==3.10
    # via apprise
markupsafe==3.0.3
    # via jinja2
multidict==6.7.0
    # via
    #   aiohttp
    #   yarl
oauthlib==3.3.1
    # via requests-oauthlib
packaging==25.0
    # via aiokafka
propcache==0.4.1
    # via
    #   aiohttp
    #   yarl
pydantic==2.12.5
    # via pydantic-settings
pydantic-core==2.41.5
    # via pydantic
pydantic-settings==2.12.0
    # via kafka-alert (pyproject.toml)
python-dotenv==1.2.1
    # via pydantic-settings
pyyaml==6.0.3
    # via apprise
requests==2.32.5
    # via
    #   apprise
    #   discordwebhook
    #   requests-oauthlib
requests-oauthlib==2.0.0
    # via apprise
typing-extensions==4.15.0
    # via
    #   aiokafka
    #   aiosignal
    #   pydantic
    #   pydantic-core
    #   typing-inspection
typing-inspection==0.4.2
    # via
    #   pydantic
    #   pydantic-settings
tzdata==2025.3
    # via apprise
urllib3==2.6.3
    # via requests
win32-setctime==1.2.0
    # via loguru
yarl==1.22.0
    # via aiohttp
